{
  "version": 4,
  "terraform_version": "1.3.3",
  "serial": 11,
  "lineage": "ce0545f6-5b26-2db2-3e54-7d584131e778",
  "outputs": {
    "jenkins_ip": {
      "value": "134.209.78.84",
      "type": "string"
    }
  },
  "resources": [
    {
      "mode": "data",
      "type": "digitalocean_ssh_key",
      "name": "security",
      "provider": "provider[\"registry.terraform.io/digitalocean/digitalocean\"]",
      "instances": [
        {
          "schema_version": 0,
          "attributes": {
            "fingerprint": "0a:a0:d8:ac:a6:d3:d6:fa:59:25:38:db:71:1b:ea:f5",
            "id": 36569720,
            "name": "security",
            "public_key": "ssh-rsa AAAAB3NzaC1yc2EAAAADAQABAAABAQCXnuPCSica9fp3kULSyJTv/w/2HfC6xHCoki4ocRVWVTjh3A7NFADWtbCcwSMz56rxCH/JZjILebWWBDspxdgCBhTLEnL6HbHX2h5cxG/rrSYAHTeDt8U6loVbupcNHsWEFdSELjUkEj6czdghwZaQZfOMOTKXPJEkcIEonhVhACSH6QK/hAEKumOjK7eUqwr3rRsjhmtQPhUvwAlKJOGTBvEsKe5A7ePIpc6FuOTrEPW4ERkqlv0vNxz2ugmFMWWERjbptWHoOjRDlCbUGcIcs/Xx7p94gzTPkOEUl/ebPI1zz1eclhKFh51n4IozI1eWM8nVjTcVkILO+uTXpbsF root@v3468"
          },
          "sensitive_attributes": []
        }
      ]
    },
    {
      "mode": "managed",
      "type": "digitalocean_droplet",
      "name": "jenkins",
      "provider": "provider[\"registry.terraform.io/digitalocean/digitalocean\"]",
      "instances": [
        {
          "schema_version": 1,
          "attributes": {
            "backups": false,
            "created_at": "2022-10-24T00:40:52Z",
            "disk": 60,
            "droplet_agent": null,
            "graceful_shutdown": false,
            "id": "322567776",
            "image": "ubuntu-22-04-x64",
            "ipv4_address": "134.209.78.84",
            "ipv4_address_private": "10.116.0.2",
            "ipv6": false,
            "ipv6_address": "",
            "locked": false,
            "memory": 2048,
            "monitoring": false,
            "name": "jenkins",
            "price_hourly": 0.02679,
            "price_monthly": 18,
            "private_networking": true,
            "region": "nyc1",
            "resize_disk": true,
            "size": "s-2vcpu-2gb",
            "ssh_keys": [
              "36569720"
            ],
            "status": "active",
            "tags": [],
            "timeouts": null,
            "urn": "do:droplet:322567776",
            "user_data": null,
            "vcpus": 2,
            "volume_ids": [],
            "vpc_uuid": "7b054d9c-c465-4c40-91f4-2652f1156019"
          },
          "sensitive_attributes": [],
          "private": "eyJlMmJmYjczMC1lY2FhLTExZTYtOGY4OC0zNDM2M2JjN2M0YzAiOnsiY3JlYXRlIjozNjAwMDAwMDAwMDAwLCJkZWxldGUiOjYwMDAwMDAwMDAwLCJ1cGRhdGUiOjM2MDAwMDAwMDAwMDB9LCJzY2hlbWFfdmVyc2lvbiI6IjEifQ==",
          "dependencies": [
            "data.digitalocean_ssh_key.security"
          ]
        }
      ]
    },
    {
      "mode": "managed",
      "type": "digitalocean_kubernetes_cluster",
      "name": "k8s",
      "provider": "provider[\"registry.terraform.io/digitalocean/digitalocean\"]",
      "instances": [
        {
          "schema_version": 3,
          "attributes": {
            "auto_upgrade": false,
            "cluster_subnet": "10.244.0.0/16",
            "created_at": "2022-10-24 00:45:15 +0000 UTC",
            "endpoint": "https://9e127c31-5d2f-45b5-b36b-6f70369eec06.k8s.ondigitalocean.com",
            "ha": false,
            "id": "9e127c31-5d2f-45b5-b36b-6f70369eec06",
            "ipv4_address": "",
            "kube_config": [
              {
                "client_certificate": "",
                "client_key": "",
                "cluster_ca_certificate": "LS0tLS1CRUdJTiBDRVJUSUZJQ0FURS0tLS0tCk1JSURKekNDQWcrZ0F3SUJBZ0lDQm5Vd0RRWUpLb1pJaHZjTkFRRUxCUUF3TXpFVk1CTUdBMVVFQ2hNTVJHbG4KYVhSaGJFOWpaV0Z1TVJvd0dBWURWUVFERXhGck9ITmhZWE1nUTJ4MWMzUmxjaUJEUVRBZUZ3MHlNakV3TWpRdwpNRFExTVRkYUZ3MDBNakV3TWpRd01EUTFNVGRhTURNeEZUQVRCZ05WQkFvVERFUnBaMmwwWVd4UFkyVmhiakVhCk1CZ0dBMVVFQXhNUmF6aHpZV0Z6SUVOc2RYTjBaWElnUTBFd2dnRWlNQTBHQ1NxR1NJYjNEUUVCQVFVQUE0SUIKRHdBd2dnRUtBb0lCQVFDelpuOUlLemdzRERBTU5JZ1dpamNuOVRaSXZpeW5lUXVTUGd2Ykh2OUw2ZE4va1oyaQpydHBSSlVBS0RvVUNMLzV4OEFzd0ZSZjJsdW5Gc2xvbG53TCt3Wkpic2VFNnRnUnVmdzVvd2duQW5tenZNK3EwClE4M3FUcGd0dlZxVzV5TXdyVEpPbEI2bWp5Sk15ZGJhNllaamU5VXV1cmhiV3VaY0RJdG12RGpDUGthZkpNTzIKdUtHR0tUbTM3ZnIvdzVkS2duZlk5MGVIVGN5c2JHTHd6cHNTV3A5bEJiSFJzVGtzWllyUVNyNVRxZ0F6UmVBNQpYUnY2UStFWll1UE9sd2diSVZoNHNKNmZkU1NLMHZEYlhhcHEvNktVQmhtWVcwYXRldHhoNlJLTjRVbk0vT1FpCjZmbEVRNm9NUHZRTlhDY0Z1ZWJoM3Z0ZHlzaFY0QUowK1I0ckFnTUJBQUdqUlRCRE1BNEdBMVVkRHdFQi93UUUKQXdJQmhqQVNCZ05WSFJNQkFmOEVDREFHQVFIL0FnRUFNQjBHQTFVZERnUVdCQlJ5dHFLNVhuUHdaTFVsbm52awpYSEJDUnhHL0x6QU5CZ2txaGtpRzl3MEJBUXNGQUFPQ0FRRUFhNE9jQ2V3V3VOSmpwRUNTeG56d1ErdTFWcUh0CkZBMWIzTnhYMCs1dkVnOEx6YmlRU3NkZ204MWdaWkFOSGZlUHNYQmlnUDZtUy9KUFljLzl1cDEvcUYzaUhHUWoKVVFkLzArRStSbHNQZUhydG9seWc1S0ZkL1pIenNrdnh0cGthNXhEQUhMdEVWTSsydDc1eDFLMWZRTWlwam4ycgpTU3pSYzNtbEw1Y3RIdVBmOENDMlh0aEJ3RlIrWjZSUngrcHhlaTZSZ2NUYm45a2dvQWF4U0tJaDFxYTJiUHJjCm9Ea05MbHc5Q294KzNwcThjdjVxUERaKzArVmVhcHpBdkllTjN4Qk9scnNheGk3UTE5c1AzaHNVQmxJZ2ZEcEcKU3VqLzRyc2Y1dlRjY0czOTVWUFFXeXZ5VnUwQUhhY2ZLU1VPWEh3aTQwOWFsd0VNeHMyVVZHREJ0Zz09Ci0tLS0tRU5EIENFUlRJRklDQVRFLS0tLS0K",
                "expires_at": "2022-10-31T00:50:07Z",
                "host": "https://9e127c31-5d2f-45b5-b36b-6f70369eec06.k8s.ondigitalocean.com",
                "raw_config": "apiVersion: v1\nkind: Config\nclusters:\n- cluster:\n    certificate-authority-data: LS0tLS1CRUdJTiBDRVJUSUZJQ0FURS0tLS0tCk1JSURKekNDQWcrZ0F3SUJBZ0lDQm5Vd0RRWUpLb1pJaHZjTkFRRUxCUUF3TXpFVk1CTUdBMVVFQ2hNTVJHbG4KYVhSaGJFOWpaV0Z1TVJvd0dBWURWUVFERXhGck9ITmhZWE1nUTJ4MWMzUmxjaUJEUVRBZUZ3MHlNakV3TWpRdwpNRFExTVRkYUZ3MDBNakV3TWpRd01EUTFNVGRhTURNeEZUQVRCZ05WQkFvVERFUnBaMmwwWVd4UFkyVmhiakVhCk1CZ0dBMVVFQXhNUmF6aHpZV0Z6SUVOc2RYTjBaWElnUTBFd2dnRWlNQTBHQ1NxR1NJYjNEUUVCQVFVQUE0SUIKRHdBd2dnRUtBb0lCQVFDelpuOUlLemdzRERBTU5JZ1dpamNuOVRaSXZpeW5lUXVTUGd2Ykh2OUw2ZE4va1oyaQpydHBSSlVBS0RvVUNMLzV4OEFzd0ZSZjJsdW5Gc2xvbG53TCt3Wkpic2VFNnRnUnVmdzVvd2duQW5tenZNK3EwClE4M3FUcGd0dlZxVzV5TXdyVEpPbEI2bWp5Sk15ZGJhNllaamU5VXV1cmhiV3VaY0RJdG12RGpDUGthZkpNTzIKdUtHR0tUbTM3ZnIvdzVkS2duZlk5MGVIVGN5c2JHTHd6cHNTV3A5bEJiSFJzVGtzWllyUVNyNVRxZ0F6UmVBNQpYUnY2UStFWll1UE9sd2diSVZoNHNKNmZkU1NLMHZEYlhhcHEvNktVQmhtWVcwYXRldHhoNlJLTjRVbk0vT1FpCjZmbEVRNm9NUHZRTlhDY0Z1ZWJoM3Z0ZHlzaFY0QUowK1I0ckFnTUJBQUdqUlRCRE1BNEdBMVVkRHdFQi93UUUKQXdJQmhqQVNCZ05WSFJNQkFmOEVDREFHQVFIL0FnRUFNQjBHQTFVZERnUVdCQlJ5dHFLNVhuUHdaTFVsbm52awpYSEJDUnhHL0x6QU5CZ2txaGtpRzl3MEJBUXNGQUFPQ0FRRUFhNE9jQ2V3V3VOSmpwRUNTeG56d1ErdTFWcUh0CkZBMWIzTnhYMCs1dkVnOEx6YmlRU3NkZ204MWdaWkFOSGZlUHNYQmlnUDZtUy9KUFljLzl1cDEvcUYzaUhHUWoKVVFkLzArRStSbHNQZUhydG9seWc1S0ZkL1pIenNrdnh0cGthNXhEQUhMdEVWTSsydDc1eDFLMWZRTWlwam4ycgpTU3pSYzNtbEw1Y3RIdVBmOENDMlh0aEJ3RlIrWjZSUngrcHhlaTZSZ2NUYm45a2dvQWF4U0tJaDFxYTJiUHJjCm9Ea05MbHc5Q294KzNwcThjdjVxUERaKzArVmVhcHpBdkllTjN4Qk9scnNheGk3UTE5c1AzaHNVQmxJZ2ZEcEcKU3VqLzRyc2Y1dlRjY0czOTVWUFFXeXZ5VnUwQUhhY2ZLU1VPWEh3aTQwOWFsd0VNeHMyVVZHREJ0Zz09Ci0tLS0tRU5EIENFUlRJRklDQVRFLS0tLS0K\n    server: https://9e127c31-5d2f-45b5-b36b-6f70369eec06.k8s.ondigitalocean.com\n  name: do-nyc1-k8s\ncontexts:\n- context:\n    cluster: do-nyc1-k8s\n    user: do-nyc1-k8s-admin\n  name: do-nyc1-k8s\ncurrent-context: do-nyc1-k8s\nusers:\n- name: do-nyc1-k8s-admin\n  user:\n    token: dop_v1_6903cfb3fbb69caa963a4a241e62811e76f4b5ca7b7a6b97cd79ecbb51d9e9d8\n",
                "token": "dop_v1_6903cfb3fbb69caa963a4a241e62811e76f4b5ca7b7a6b97cd79ecbb51d9e9d8"
              }
            ],
            "maintenance_policy": [
              {
                "day": "any",
                "duration": "4h0m0s",
                "start_time": "19:00"
              }
            ],
            "name": "k8s",
            "node_pool": [
              {
                "actual_node_count": 2,
                "auto_scale": false,
                "id": "7159fcbc-be04-4873-9355-c9178b5549f4",
                "labels": {},
                "max_nodes": 0,
                "min_nodes": 0,
                "name": "default",
                "node_count": 2,
                "nodes": [
                  {
                    "created_at": "2022-10-24 00:45:15 +0000 UTC",
                    "droplet_id": "322568590",
                    "id": "d9bafc88-7cf7-462a-8007-3f944d5c3b68",
                    "name": "default-7dine",
                    "status": "running",
                    "updated_at": "2022-10-24 00:46:39 +0000 UTC"
                  },
                  {
                    "created_at": "2022-10-24 00:45:15 +0000 UTC",
                    "droplet_id": "322568589",
                    "id": "685289d2-8e56-4120-8911-a25985d9d4e5",
                    "name": "default-7dina",
                    "status": "running",
                    "updated_at": "2022-10-24 00:46:39 +0000 UTC"
                  }
                ],
                "size": "s-2vcpu-2gb",
                "tags": [],
                "taint": []
              }
            ],
            "region": "nyc1",
            "service_subnet": "10.245.0.0/16",
            "status": "running",
            "surge_upgrade": true,
            "tags": [],
            "timeouts": null,
            "updated_at": "2022-10-24 00:49:58 +0000 UTC",
            "urn": "do:kubernetes:9e127c31-5d2f-45b5-b36b-6f70369eec06",
            "version": "1.24.4-do.0",
            "vpc_uuid": "7b054d9c-c465-4c40-91f4-2652f1156019"
          },
          "sensitive_attributes": [],
          "private": "eyJlMmJmYjczMC1lY2FhLTExZTYtOGY4OC0zNDM2M2JjN2M0YzAiOnsiY3JlYXRlIjoxODAwMDAwMDAwMDAwfSwic2NoZW1hX3ZlcnNpb24iOiIzIn0="
        }
      ]
    }
  ],
  "check_results": []
}
